
Microsoft Visual Studio Solution File, Format Version 12.00
# Visual Studio Version 16
VisualStudioVersion = 16.0.30204.135
MinimumVisualStudioVersion = 10.0.40219.1
Project("{FAE04EC0-301F-11D3-BF4B-00C04F79EFBC}") = "laba3", "laba3\laba3.csproj", "{1ABD9A9E-DC5C-4075-B42A-A8D24D08FD04}"
EndProject
Global
	GlobalSection(SolutionConfigurationPlatforms) = preSolution
		Debug|Any CPU = Debug|Any CPU
		Release|Any CPU = Release|Any CPU
	EndGlobalSection
	GlobalSection(ProjectConfigurationPlatforms) = postSolution
		{1ABD9A9E-DC5C-4075-B42A-A8D24D08FD04}.Debug|Any CPU.ActiveCfg = Debug|Any CPU
		{1ABD9A9E-DC5C-4075-B42A-A8D24D08FD04}.Debug|Any CPU.Build.0 = Debug|Any CPU
		{1ABD9A9E-DC5C-4075-B42A-A8D24D08FD04}.Release|Any CPU.ActiveCfg = Release|Any CPU
		{1ABD9A9E-DC5C-4075-B42A-A8D24D08FD04}.Release|Any CPU.Build.0 = Release|Any CPU
	EndGlobalSection
	GlobalSection(SolutionProperties) = preSolution
		HideSolutionNode = FALSE
	EndGlobalSection
	GlobalSection(ExtensibilityGlobals) = postSolution
		SolutionGuid = {BB3A95C2-9CF7-4A39-BE0B-46C2CD585A5D}
	EndGlobalSection
EndGlobal
